
Microsoft Visual Studio Solution File, Format Version 11.00
# Visual Studio 2010
Project("{FAE04EC0-301F-11D3-BF4B-00C04F79EFBC}") = "AppFail", "AppFail\AppFail.csproj", "{61620DF6-A197-4C39-B173-EE3B3345ADE5}"
EndProject
Global
	GlobalSection(SolutionConfigurationPlatforms) = preSolution
		Debug|Any CPU = Debug|Any CPU
		Release|Any CPU = Release|Any CPU
	EndGlobalSection
	GlobalSection(ProjectConfigurationPlatforms) = postSolution
		{61620DF6-A197-4C39-B173-EE3B3345ADE5}.Debug|Any CPU.ActiveCfg = Debug|Any CPU
		{61620DF6-A197-4C39-B173-EE3B3345ADE5}.Debug|Any CPU.Build.0 = Debug|Any CPU
		{61620DF6-A197-4C39-B173-EE3B3345ADE5}.Release|Any CPU.ActiveCfg = Release|Any CPU
		{61620DF6-A197-4C39-B173-EE3B3345ADE5}.Release|Any CPU.Build.0 = Release|Any CPU
	EndGlobalSection
	GlobalSection(SolutionProperties) = preSolution
		HideSolutionNode = FALSE
	EndGlobalSection
EndGlobal
